{
  "version": 4,
  "terraform_version": "1.14.3",
  "serial": 4,
  "lineage": "ffa05a55-eb8b-a813-2c6f-ef7f5c76038b",
  "outputs": {
    "windows_public_ip": {
      "value": "34.170.147.25",
      "type": "string"
    }
  },
  "resources": [
    {
      "mode": "data",
      "type": "google_compute_network",
      "name": "default",
      "provider": "provider[\"registry.terraform.io/hashicorp/google\"]",
      "instances": [
        {
          "schema_version": 0,
          "attributes": {
            "description": "Default network for the project",
            "gateway_ipv4": "",
            "id": "projects/kasm-485616/global/networks/default",
            "internal_ipv6_range": "",
            "name": "default",
            "project": null,
            "self_link": "https://www.googleapis.com/compute/v1/projects/kasm-485616/global/networks/default",
            "subnetworks_self_links": [
              "https://www.googleapis.com/compute/v1/projects/kasm-485616/regions/asia-southeast3/subnetworks/default",
              "https://www.googleapis.com/compute/v1/projects/kasm-485616/regions/europe-west6/subnetworks/default",
              "https://www.googleapis.com/compute/v1/projects/kasm-485616/regions/southamerica-west1/subnetworks/default",
              "https://www.googleapis.com/compute/v1/projects/kasm-485616/regions/us-west3/subnetworks/default",
              "https://www.googleapis.com/compute/v1/projects/kasm-485616/regions/us-east5/subnetworks/default",
              "https://www.googleapis.com/compute/v1/projects/kasm-485616/regions/asia-northeast2/subnetworks/default",
              "https://www.googleapis.com/compute/v1/projects/kasm-485616/regions/me-west1/subnetworks/default",
              "https://www.googleapis.com/compute/v1/projects/kasm-485616/regions/me-central1/subnetworks/default",
              "https://www.googleapis.com/compute/v1/projects/kasm-485616/regions/africa-south1/subnetworks/default",
              "https://www.googleapis.com/compute/v1/projects/kasm-485616/regions/northamerica-northeast1/subnetworks/default",
              "https://www.googleapis.com/compute/v1/projects/kasm-485616/regions/europe-west9/subnetworks/default",
              "https://www.googleapis.com/compute/v1/projects/kasm-485616/regions/us-central1/subnetworks/default",
              "https://www.googleapis.com/compute/v1/projects/kasm-485616/regions/europe-north2/subnetworks/default",
              "https://www.googleapis.com/compute/v1/projects/kasm-485616/regions/asia-northeast1/subnetworks/default",
              "https://www.googleapis.com/compute/v1/projects/kasm-485616/regions/asia-east1/subnetworks/default",
              "https://www.googleapis.com/compute/v1/projects/kasm-485616/regions/europe-west12/subnetworks/default",
              "https://www.googleapis.com/compute/v1/projects/kasm-485616/regions/europe-west10/subnetworks/default",
              "https://www.googleapis.com/compute/v1/projects/kasm-485616/regions/europe-southwest1/subnetworks/default",
              "https://www.googleapis.com/compute/v1/projects/kasm-485616/regions/us-east1/subnetworks/default",
              "https://www.googleapis.com/compute/v1/projects/kasm-485616/regions/europe-west4/subnetworks/default",
              "https://www.googleapis.com/compute/v1/projects/kasm-485616/regions/us-east4/subnetworks/default",
              "https://www.googleapis.com/compute/v1/projects/kasm-485616/regions/asia-south1/subnetworks/default",
              "https://www.googleapis.com/compute/v1/projects/kasm-485616/regions/europe-west3/subnetworks/default",
              "https://www.googleapis.com/compute/v1/projects/kasm-485616/regions/northamerica-northeast2/subnetworks/default",
              "https://www.googleapis.com/compute/v1/projects/kasm-485616/regions/northamerica-south1/subnetworks/default",
              "https://www.googleapis.com/compute/v1/projects/kasm-485616/regions/asia-south2/subnetworks/default",
              "https://www.googleapis.com/compute/v1/projects/kasm-485616/regions/europe-west1/subnetworks/default",
              "https://www.googleapis.com/compute/v1/projects/kasm-485616/regions/us-west2/subnetworks/default",
              "https://www.googleapis.com/compute/v1/projects/kasm-485616/regions/australia-southeast2/subnetworks/default",
              "https://www.googleapis.com/compute/v1/projects/kasm-485616/regions/us-south1/subnetworks/default",
              "https://www.googleapis.com/compute/v1/projects/kasm-485616/regions/australia-southeast1/subnetworks/default",
              "https://www.googleapis.com/compute/v1/projects/kasm-485616/regions/us-west1/subnetworks/default",
              "https://www.googleapis.com/compute/v1/projects/kasm-485616/regions/europe-west8/subnetworks/default",
              "https://www.googleapis.com/compute/v1/projects/kasm-485616/regions/asia-southeast2/subnetworks/default",
              "https://www.googleapis.com/compute/v1/projects/kasm-485616/regions/asia-southeast1/subnetworks/default",
              "https://www.googleapis.com/compute/v1/projects/kasm-485616/regions/us-west4/subnetworks/default",
              "https://www.googleapis.com/compute/v1/projects/kasm-485616/regions/southamerica-east1/subnetworks/default",
              "https://www.googleapis.com/compute/v1/projects/kasm-485616/regions/europe-west2/subnetworks/default",
              "https://www.googleapis.com/compute/v1/projects/kasm-485616/regions/europe-central2/subnetworks/default",
              "https://www.googleapis.com/compute/v1/projects/kasm-485616/regions/asia-northeast3/subnetworks/default",
              "https://www.googleapis.com/compute/v1/projects/kasm-485616/regions/europe-north1/subnetworks/default",
              "https://www.googleapis.com/compute/v1/projects/kasm-485616/regions/asia-east2/subnetworks/default"
            ]
          },
          "sensitive_attributes": [],
          "identity_schema_version": 0
        }
      ]
    },
    {
      "mode": "data",
      "type": "google_compute_subnetwork",
      "name": "default",
      "provider": "provider[\"registry.terraform.io/hashicorp/google\"]",
      "instances": [
        {
          "schema_version": 0,
          "attributes": {
            "description": "",
            "gateway_address": "10.128.0.1",
            "id": "projects/kasm-485616/regions/us-central1/subnetworks/default",
            "internal_ipv6_prefix": "",
            "ip_cidr_range": "10.128.0.0/20",
            "name": "default",
            "network": "https://www.googleapis.com/compute/v1/projects/kasm-485616/global/networks/default",
            "private_ip_google_access": false,
            "project": "kasm-485616",
            "region": "us-central1",
            "secondary_ip_range": [],
            "self_link": "https://www.googleapis.com/compute/v1/projects/kasm-485616/regions/us-central1/subnetworks/default"
          },
          "sensitive_attributes": [],
          "identity_schema_version": 0
        }
      ]
    },
    {
      "mode": "managed",
      "type": "google_compute_address",
      "name": "public_ip",
      "provider": "provider[\"registry.terraform.io/hashicorp/google\"]",
      "instances": [
        {
          "schema_version": 0,
          "attributes": {
            "address": "34.170.147.25",
            "address_type": "EXTERNAL",
            "creation_timestamp": "2026-02-09T11:49:42.150-08:00",
            "description": "",
            "effective_labels": {},
            "id": "projects/kasm-485616/regions/us-central1/addresses/windows-public-ip",
            "ip_version": "",
            "ipv6_endpoint_type": "",
            "label_fingerprint": "42WmSpB8rSM=",
            "labels": null,
            "name": "windows-public-ip",
            "network": "",
            "network_tier": "PREMIUM",
            "prefix_length": 0,
            "project": "kasm-485616",
            "purpose": "",
            "region": "us-central1",
            "self_link": "https://www.googleapis.com/compute/v1/projects/kasm-485616/regions/us-central1/addresses/windows-public-ip",
            "subnetwork": "",
            "terraform_labels": {},
            "timeouts": null,
            "users": []
          },
          "sensitive_attributes": [],
          "identity_schema_version": 0,
          "private": "eyJlMmJmYjczMC1lY2FhLTExZTYtOGY4OC0zNDM2M2JjN2M0YzAiOnsiY3JlYXRlIjoxMjAwMDAwMDAwMDAwLCJkZWxldGUiOjEyMDAwMDAwMDAwMDAsInVwZGF0ZSI6MTIwMDAwMDAwMDAwMH19"
        }
      ]
    },
    {
      "mode": "managed",
      "type": "google_compute_firewall",
      "name": "allow_rdp",
      "provider": "provider[\"registry.terraform.io/hashicorp/google\"]",
      "instances": [
        {
          "schema_version": 1,
          "attributes": {
            "allow": [
              {
                "ports": [
                  "3389"
                ],
                "protocol": "tcp"
              }
            ],
            "creation_timestamp": "2026-02-09T11:49:41.717-08:00",
            "deny": [],
            "description": "",
            "destination_ranges": [],
            "direction": "INGRESS",
            "disabled": false,
            "enable_logging": null,
            "id": "projects/kasm-485616/global/firewalls/allow-rdp-windows",
            "log_config": [],
            "name": "allow-rdp-windows",
            "network": "https://www.googleapis.com/compute/v1/projects/kasm-485616/global/networks/default",
            "priority": 1000,
            "project": "kasm-485616",
            "self_link": "https://www.googleapis.com/compute/v1/projects/kasm-485616/global/firewalls/allow-rdp-windows",
            "source_ranges": [
              "0.0.0.0/0"
            ],
            "source_service_accounts": null,
            "source_tags": null,
            "target_service_accounts": null,
            "target_tags": [
              "rdp"
            ],
            "timeouts": null
          },
          "sensitive_attributes": [],
          "identity_schema_version": 0,
          "private": "eyJlMmJmYjczMC1lY2FhLTExZTYtOGY4OC0zNDM2M2JjN2M0YzAiOnsiY3JlYXRlIjoxMjAwMDAwMDAwMDAwLCJkZWxldGUiOjEyMDAwMDAwMDAwMDAsInVwZGF0ZSI6MTIwMDAwMDAwMDAwMH0sInNjaGVtYV92ZXJzaW9uIjoiMSJ9",
          "dependencies": [
            "data.google_compute_network.default"
          ]
        }
      ]
    }
  ],
  "check_results": null
}
