{
  "version": 4,
  "terraform_version": "1.14.3",
  "serial": 6,
  "lineage": "ffa05a55-eb8b-a813-2c6f-ef7f5c76038b",
  "outputs": {
    "windows_public_ip": {
      "value": "34.170.147.25",
      "type": "string"
    }
  },
  "resources": [
    {
      "mode": "data",
      "type": "google_compute_network",
      "name": "default",
      "provider": "provider[\"registry.terraform.io/hashicorp/google\"]",
      "instances": [
        {
          "schema_version": 0,
          "attributes": {
            "description": "Default network for the project",
            "gateway_ipv4": "",
            "id": "projects/kasm-485616/global/networks/default",
            "internal_ipv6_range": "",
            "name": "default",
            "project": null,
            "self_link": "https://www.googleapis.com/compute/v1/projects/kasm-485616/global/networks/default",
            "subnetworks_self_links": [
              "https://www.googleapis.com/compute/v1/projects/kasm-485616/regions/asia-southeast3/subnetworks/default",
              "https://www.googleapis.com/compute/v1/projects/kasm-485616/regions/europe-west6/subnetworks/default",
              "https://www.googleapis.com/compute/v1/projects/kasm-485616/regions/southamerica-west1/subnetworks/default",
              "https://www.googleapis.com/compute/v1/projects/kasm-485616/regions/us-west3/subnetworks/default",
              "https://www.googleapis.com/compute/v1/projects/kasm-485616/regions/us-east5/subnetworks/default",
              "https://www.googleapis.com/compute/v1/projects/kasm-485616/regions/asia-northeast2/subnetworks/default",
              "https://www.googleapis.com/compute/v1/projects/kasm-485616/regions/me-west1/subnetworks/default",
              "https://www.googleapis.com/compute/v1/projects/kasm-485616/regions/me-central1/subnetworks/default",
              "https://www.googleapis.com/compute/v1/projects/kasm-485616/regions/africa-south1/subnetworks/default",
              "https://www.googleapis.com/compute/v1/projects/kasm-485616/regions/northamerica-northeast1/subnetworks/default",
              "https://www.googleapis.com/compute/v1/projects/kasm-485616/regions/europe-west9/subnetworks/default",
              "https://www.googleapis.com/compute/v1/projects/kasm-485616/regions/us-central1/subnetworks/default",
              "https://www.googleapis.com/compute/v1/projects/kasm-485616/regions/europe-north2/subnetworks/default",
              "https://www.googleapis.com/compute/v1/projects/kasm-485616/regions/asia-northeast1/subnetworks/default",
              "https://www.googleapis.com/compute/v1/projects/kasm-485616/regions/asia-east1/subnetworks/default",
              "https://www.googleapis.com/compute/v1/projects/kasm-485616/regions/europe-west12/subnetworks/default",
              "https://www.googleapis.com/compute/v1/projects/kasm-485616/regions/europe-west10/subnetworks/default",
              "https://www.googleapis.com/compute/v1/projects/kasm-485616/regions/europe-southwest1/subnetworks/default",
              "https://www.googleapis.com/compute/v1/projects/kasm-485616/regions/us-east1/subnetworks/default",
              "https://www.googleapis.com/compute/v1/projects/kasm-485616/regions/europe-west4/subnetworks/default",
              "https://www.googleapis.com/compute/v1/projects/kasm-485616/regions/us-east4/subnetworks/default",
              "https://www.googleapis.com/compute/v1/projects/kasm-485616/regions/asia-south1/subnetworks/default",
              "https://www.googleapis.com/compute/v1/projects/kasm-485616/regions/europe-west3/subnetworks/default",
              "https://www.googleapis.com/compute/v1/projects/kasm-485616/regions/northamerica-northeast2/subnetworks/default",
              "https://www.googleapis.com/compute/v1/projects/kasm-485616/regions/northamerica-south1/subnetworks/default",
              "https://www.googleapis.com/compute/v1/projects/kasm-485616/regions/asia-south2/subnetworks/default",
              "https://www.googleapis.com/compute/v1/projects/kasm-485616/regions/europe-west1/subnetworks/default",
              "https://www.googleapis.com/compute/v1/projects/kasm-485616/regions/us-west2/subnetworks/default",
              "https://www.googleapis.com/compute/v1/projects/kasm-485616/regions/australia-southeast2/subnetworks/default",
              "https://www.googleapis.com/compute/v1/projects/kasm-485616/regions/us-south1/subnetworks/default",
              "https://www.googleapis.com/compute/v1/projects/kasm-485616/regions/australia-southeast1/subnetworks/default",
              "https://www.googleapis.com/compute/v1/projects/kasm-485616/regions/us-west1/subnetworks/default",
              "https://www.googleapis.com/compute/v1/projects/kasm-485616/regions/europe-west8/subnetworks/default",
              "https://www.googleapis.com/compute/v1/projects/kasm-485616/regions/asia-southeast2/subnetworks/default",
              "https://www.googleapis.com/compute/v1/projects/kasm-485616/regions/asia-southeast1/subnetworks/default",
              "https://www.googleapis.com/compute/v1/projects/kasm-485616/regions/us-west4/subnetworks/default",
              "https://www.googleapis.com/compute/v1/projects/kasm-485616/regions/southamerica-east1/subnetworks/default",
              "https://www.googleapis.com/compute/v1/projects/kasm-485616/regions/europe-west2/subnetworks/default",
              "https://www.googleapis.com/compute/v1/projects/kasm-485616/regions/europe-central2/subnetworks/default",
              "https://www.googleapis.com/compute/v1/projects/kasm-485616/regions/asia-northeast3/subnetworks/default",
              "https://www.googleapis.com/compute/v1/projects/kasm-485616/regions/europe-north1/subnetworks/default",
              "https://www.googleapis.com/compute/v1/projects/kasm-485616/regions/asia-east2/subnetworks/default"
            ]
          },
          "sensitive_attributes": [],
          "identity_schema_version": 0
        }
      ]
    },
    {
      "mode": "data",
      "type": "google_compute_subnetwork",
      "name": "default",
      "provider": "provider[\"registry.terraform.io/hashicorp/google\"]",
      "instances": [
        {
          "schema_version": 0,
          "attributes": {
            "description": "",
            "gateway_address": "10.128.0.1",
            "id": "projects/kasm-485616/regions/us-central1/subnetworks/default",
            "internal_ipv6_prefix": "",
            "ip_cidr_range": "10.128.0.0/20",
            "name": "default",
            "network": "https://www.googleapis.com/compute/v1/projects/kasm-485616/global/networks/default",
            "private_ip_google_access": false,
            "project": "kasm-485616",
            "region": "us-central1",
            "secondary_ip_range": [],
            "self_link": "https://www.googleapis.com/compute/v1/projects/kasm-485616/regions/us-central1/subnetworks/default"
          },
          "sensitive_attributes": [],
          "identity_schema_version": 0
        }
      ]
    },
    {
      "mode": "managed",
      "type": "google_compute_address",
      "name": "public_ip",
      "provider": "provider[\"registry.terraform.io/hashicorp/google\"]",
      "instances": [
        {
          "schema_version": 0,
          "attributes": {
            "address": "34.170.147.25",
            "address_type": "EXTERNAL",
            "creation_timestamp": "2026-02-09T11:49:42.150-08:00",
            "description": "",
            "effective_labels": {},
            "id": "projects/kasm-485616/regions/us-central1/addresses/windows-public-ip",
            "ip_version": "",
            "ipv6_endpoint_type": "",
            "label_fingerprint": "42WmSpB8rSM=",
            "labels": {},
            "name": "windows-public-ip",
            "network": "",
            "network_tier": "PREMIUM",
            "prefix_length": 0,
            "project": "kasm-485616",
            "purpose": "",
            "region": "us-central1",
            "self_link": "https://www.googleapis.com/compute/v1/projects/kasm-485616/regions/us-central1/addresses/windows-public-ip",
            "subnetwork": "",
            "terraform_labels": {},
            "timeouts": null,
            "users": []
          },
          "sensitive_attributes": [],
          "identity_schema_version": 0,
          "private": "eyJlMmJmYjczMC1lY2FhLTExZTYtOGY4OC0zNDM2M2JjN2M0YzAiOnsiY3JlYXRlIjoxMjAwMDAwMDAwMDAwLCJkZWxldGUiOjEyMDAwMDAwMDAwMDAsInVwZGF0ZSI6MTIwMDAwMDAwMDAwMH19"
        }
      ]
    },
    {
      "mode": "managed",
      "type": "google_compute_firewall",
      "name": "allow_rdp",
      "provider": "provider[\"registry.terraform.io/hashicorp/google\"]",
      "instances": [
        {
          "schema_version": 1,
          "attributes": {
            "allow": [
              {
                "ports": [
                  "3389"
                ],
                "protocol": "tcp"
              }
            ],
            "creation_timestamp": "2026-02-09T11:49:41.717-08:00",
            "deny": [],
            "description": "",
            "destination_ranges": [],
            "direction": "INGRESS",
            "disabled": false,
            "enable_logging": null,
            "id": "projects/kasm-485616/global/firewalls/allow-rdp-windows",
            "log_config": [],
            "name": "allow-rdp-windows",
            "network": "https://www.googleapis.com/compute/v1/projects/kasm-485616/global/networks/default",
            "priority": 1000,
            "project": "kasm-485616",
            "self_link": "https://www.googleapis.com/compute/v1/projects/kasm-485616/global/firewalls/allow-rdp-windows",
            "source_ranges": [
              "0.0.0.0/0"
            ],
            "source_service_accounts": [],
            "source_tags": [],
            "target_service_accounts": [],
            "target_tags": [
              "rdp"
            ],
            "timeouts": null
          },
          "sensitive_attributes": [],
          "identity_schema_version": 0,
          "private": "eyJlMmJmYjczMC1lY2FhLTExZTYtOGY4OC0zNDM2M2JjN2M0YzAiOnsiY3JlYXRlIjoxMjAwMDAwMDAwMDAwLCJkZWxldGUiOjEyMDAwMDAwMDAwMDAsInVwZGF0ZSI6MTIwMDAwMDAwMDAwMH0sInNjaGVtYV92ZXJzaW9uIjoiMSJ9",
          "dependencies": [
            "data.google_compute_network.default"
          ]
        }
      ]
    },
    {
      "mode": "managed",
      "type": "google_compute_instance",
      "name": "windows",
      "provider": "provider[\"registry.terraform.io/hashicorp/google\"]",
      "instances": [
        {
          "schema_version": 6,
          "attributes": {
            "advanced_machine_features": [],
            "allow_stopping_for_update": null,
            "attached_disk": [],
            "boot_disk": [
              {
                "auto_delete": true,
                "device_name": "persistent-disk-0",
                "disk_encryption_key_raw": "",
                "disk_encryption_key_sha256": "",
                "initialize_params": [
                  {
                    "enable_confidential_compute": false,
                    "image": "https://www.googleapis.com/compute/v1/projects/windows-cloud/global/images/windows-server-2022-dc-v20260114",
                    "labels": {},
                    "provisioned_iops": 0,
                    "provisioned_throughput": 0,
                    "resource_manager_tags": null,
                    "size": 60,
                    "storage_pool": "",
                    "type": "pd-balanced"
                  }
                ],
                "kms_key_self_link": "",
                "mode": "READ_WRITE",
                "source": "https://www.googleapis.com/compute/v1/projects/kasm-485616/zones/us-central1-a/disks/windows-server-01"
              }
            ],
            "can_ip_forward": false,
            "confidential_instance_config": [],
            "cpu_platform": "Intel Cascade Lake",
            "current_status": "RUNNING",
            "deletion_protection": false,
            "description": "",
            "desired_status": null,
            "effective_labels": {},
            "enable_display": false,
            "guest_accelerator": [],
            "hostname": "",
            "id": "projects/kasm-485616/zones/us-central1-a/instances/windows-server-01",
            "instance_id": "538673087645189148",
            "label_fingerprint": "42WmSpB8rSM=",
            "labels": null,
            "machine_type": "n2-standard-4",
            "metadata": {
              "windows-startup-script-ps1": "net user ksam \"Admin213+-\" /add\r\nnet localgroup administrators ksam /add\r\n"
            },
            "metadata_fingerprint": "RZvNoI3ylCc=",
            "metadata_startup_script": null,
            "min_cpu_platform": "",
            "name": "windows-server-01",
            "network_interface": [
              {
                "access_config": [
                  {
                    "nat_ip": "34.170.147.25",
                    "network_tier": "PREMIUM",
                    "public_ptr_domain_name": ""
                  }
                ],
                "alias_ip_range": [],
                "internal_ipv6_prefix_length": 0,
                "ipv6_access_config": [],
                "ipv6_access_type": "",
                "ipv6_address": "",
                "name": "nic0",
                "network": "https://www.googleapis.com/compute/v1/projects/kasm-485616/global/networks/default",
                "network_ip": "10.128.0.46",
                "nic_type": "",
                "queue_count": 0,
                "stack_type": "IPV4_ONLY",
                "subnetwork": "https://www.googleapis.com/compute/v1/projects/kasm-485616/regions/us-central1/subnetworks/default",
                "subnetwork_project": "kasm-485616"
              }
            ],
            "network_performance_config": [],
            "params": [],
            "project": "kasm-485616",
            "reservation_affinity": [],
            "resource_policies": null,
            "scheduling": [
              {
                "automatic_restart": true,
                "instance_termination_action": "",
                "local_ssd_recovery_timeout": [],
                "max_run_duration": [],
                "min_node_cpus": 0,
                "node_affinities": [],
                "on_host_maintenance": "MIGRATE",
                "on_instance_stop_action": [],
                "preemptible": false,
                "provisioning_model": "STANDARD"
              }
            ],
            "scratch_disk": [],
            "self_link": "https://www.googleapis.com/compute/v1/projects/kasm-485616/zones/us-central1-a/instances/windows-server-01",
            "service_account": [],
            "shielded_instance_config": [
              {
                "enable_integrity_monitoring": true,
                "enable_secure_boot": false,
                "enable_vtpm": true
              }
            ],
            "tags": [
              "rdp"
            ],
            "tags_fingerprint": "4KTId9p1N8A=",
            "terraform_labels": {},
            "timeouts": null,
            "zone": "us-central1-a"
          },
          "sensitive_attributes": [
            [
              {
                "type": "get_attr",
                "value": "boot_disk"
              },
              {
                "type": "index",
                "value": {
                  "value": 0,
                  "type": "number"
                }
              },
              {
                "type": "get_attr",
                "value": "disk_encryption_key_raw"
              }
            ],
            [
              {
                "type": "get_attr",
                "value": "metadata"
              },
              {
                "type": "index",
                "value": {
                  "value": "windows-startup-script-ps1",
                  "type": "string"
                }
              }
            ]
          ],
          "identity_schema_version": 0,
          "private": "eyJlMmJmYjczMC1lY2FhLTExZTYtOGY4OC0zNDM2M2JjN2M0YzAiOnsiY3JlYXRlIjoxMjAwMDAwMDAwMDAwLCJkZWxldGUiOjEyMDAwMDAwMDAwMDAsInVwZGF0ZSI6MTIwMDAwMDAwMDAwMH0sInNjaGVtYV92ZXJzaW9uIjoiNiJ9",
          "dependencies": [
            "data.google_compute_subnetwork.default",
            "google_compute_address.public_ip"
          ]
        }
      ]
    }
  ],
  "check_results": null
}
